StackBuilder-ThirdParty-Lock|2
toolchain|bcc64x
selectionSha256|83507426535937884e183b22712321a81a5d84ca1b068ad772c13be474c0e42f
disclaimer|DISCLAIMER.md
package|boost|1.92.0|2026.09.26-1|packages/boost-1.92.0-bcc64x.zip|57898831|961be5259b2db56bb309b17f46fdfa999a12b68e5c06161b07a4e3c662fdf4f7
package|brotli|1.2.0|2026.09.26-1|packages/brotli-1.2.0-bcc64x.zip|1017574|22d61b1fd9a09683b7084159d9b9cd4444cae924f9038e15e25da4b062a71408
package|bzip2|1.0.8|2026.09.26-1|packages/bzip2-1.0.8-bcc64x.zip|90307|527c77eb2319303b39796762bb4868639c4b094e5d78492d58e5eac0833875b2
package|cmark-gfm|0.29.0.gfm.13|2026.09.26-1|packages/cmark-gfm-0.29.0.gfm.13-bcc64x.zip|297796|0571c5c971a7fcfb62e436f953719c55d5b5eee4e7708db6e354631f191eb0a2
package|curl|8.21.0|2026.09.26-1|packages/curl-8.21.0-bcc64x.zip|1005859|14f207757c166766210288704ade40f3f59068fd2963af6e38000d97c1fb1acf
package|libarchive|3.8.9|2026.09.26-1|packages/libarchive-3.8.9-bcc64x.zip|2687908|bbfc78b0f4ae162a2a2a6e93becb14d040fbb0b5b07a90baff5b189544bb545d
package|libpq|18.6|2026.09.26-1|packages/libpq-18.6-bcc64x.zip|1341260|b742cf065d1251697aced2de7b8f313301b5909bbbb8c3eff42d497e7a183add
package|libpqxx|8.0.2|2026.09.26-1|packages/libpqxx-8.0.2-bcc64x.zip|3080709|e82df675b729b20306e7a7a2f83ca50f1d44e7c0ba3b4ccda23b8bb970a0254d
package|libzip|1.11.4|2026.09.26-1|packages/libzip-1.11.4-bcc64x.zip|364257|f882c9dbccc27e0196a3c92a45c8c72b9689b0315045d4651d3884531ba427c4
package|nlohmann-json|3.12.0|2026.09.26-1|packages/nlohmann-json-3.12.0-bcc64x.zip|179760|196388c23498bfea25d690c321e1820f218b71c556d98e2123db6b7cf999260e
package|openssl|3.5.8|2026.09.26-1|packages/openssl-3.5.8-bcc64x.zip|10947200|751c56ba069ace0d8ddd0cd2a70d3abbb87b4b647ccbe675229aad52ea282abe
package|pugixml|1.16|2026.09.26-1|packages/pugixml-1.16-bcc64x.zip|995650|f86e784f5a2c53e6ae65affae43691a51ad54189a6ced917cc6b933f2d6ed6c0
package|sqlite|3.53.4|2026.09.26-1|packages/sqlite-3.53.4-bcc64x.zip|1354457|16833cee059afb14d2bbe1616e4604054dbcdd2e3cf45f29efd2cc521fa96aaf
package|xz|5.8.3|2026.09.26-1|packages/xz-5.8.3-bcc64x.zip|716494|3bfa5e02392df7ba45eda1cd1512da465998d1692218e891dca5d280b1c15bc1
package|zlib|1.3.2|2026.09.26-1|packages/zlib-1.3.2-bcc64x.zip|938292|40a24a838fff2403b8540f8e97402d3be7cb00198093957a671d9c8792cbcdf0
package|zstd|1.5.7|2026.09.26-1|packages/zstd-1.5.7-bcc64x.zip|1347272|81b7b94d2b7b30d966736bd9fde61e4c4ce6528c4806b1bb5e26155daae6c176
